{
  "name": "amm",
  "version": "0.1.0",
  "lockfileVersion": 3,
  "requires": true,
  "packages": {
    "": {
      "name": "amm",
      "version": "0.1.0",
      "dependencies": {
        "@openzeppelin/contracts": "^4.9.2",
        "forge-std": "github:foundry-rs/forge-std#v1.6.0",
        "solady": "^0.0.110"
      }
    },
    "node_modules/@openzeppelin/contracts": {
      "version": "4.9.2",
      "resolved": "https://registry.npmjs.org/@openzeppelin/contracts/-/contracts-4.9.2.tgz",
      "integrity": "sha512-mO+y6JaqXjWeMh9glYVzVu8HYPGknAAnWyxTRhGeckOruyXQMNnlcW6w/Dx9ftLeIQk6N+ZJFuVmTwF7lEIFrg=="
    },
    "node_modules/forge-std": {
      "version": "1.6.0",
      "resolved": "git+ssh://git@github.com/foundry-rs/forge-std.git#74cfb77e308dd188d2f58864aaf44963ae6b88b1",
      "license": "(Apache-2.0 OR MIT)"
    },
    "node_modules/solady": {
      "version": "0.0.110",
      "resolved": "https://registry.npmjs.org/solady/-/solady-0.0.110.tgz",
      "integrity": "sha512-ZX9kDfj3CgufsqbrPkgjtgtcBMzxzdfdkpulqhVpCVeMLODFaiuddZQN8735vI20W7jJ3Gcmq6PZRGIusU3t9Q=="
    }
  }
}
